
Microsoft Visual Studio Solution File, Format Version 12.00
# Visual Studio Version 16
VisualStudioVersion = 16.0.810.11
MinimumVisualStudioVersion = 10.0.40219.1
Project("{FAE04EC0-301F-11D3-BF4B-00C04F79EFBC}") = "BlogTemplate.Android", "BlogTemplate.Android\BlogTemplate.Android.csproj", "{BED56F5F-D38F-4625-85D2-C8AE894EDF03}"
EndProject
Project("{FAE04EC0-301F-11D3-BF4B-00C04F79EFBC}") = "BlogTemplate.iOS", "BlogTemplate.iOS\BlogTemplate.iOS.csproj", "{42FE2C68-93EA-467D-9231-92DED83480D0}"
EndProject
Project("{FAE04EC0-301F-11D3-BF4B-00C04F79EFBC}") = "BlogTemplate", "BlogTemplate\BlogTemplate.csproj", "{CE690CE7-7AC4-4A64-A03E-420D6B41AE30}"
EndProject
Global
	GlobalSection(SolutionConfigurationPlatforms) = preSolution
		Debug|Any CPU = Debug|Any CPU
		Release|Any CPU = Release|Any CPU
		Debug|iPhoneSimulator = Debug|iPhoneSimulator
		Release|iPhoneSimulator = Release|iPhoneSimulator
		Debug|iPhone = Debug|iPhone
		Release|iPhone = Release|iPhone
	EndGlobalSection
	GlobalSection(ProjectConfigurationPlatforms) = postSolution
		{BED56F5F-D38F-4625-85D2-C8AE894EDF03}.Debug|Any CPU.ActiveCfg = Debug|Any CPU
		{BED56F5F-D38F-4625-85D2-C8AE894EDF03}.Debug|Any CPU.Build.0 = Debug|Any CPU
		{BED56F5F-D38F-4625-85D2-C8AE894EDF03}.Release|Any CPU.ActiveCfg = Release|Any CPU
		{BED56F5F-D38F-4625-85D2-C8AE894EDF03}.Release|Any CPU.Build.0 = Release|Any CPU
		{BED56F5F-D38F-4625-85D2-C8AE894EDF03}.Debug|iPhoneSimulator.ActiveCfg = Debug|Any CPU
		{BED56F5F-D38F-4625-85D2-C8AE894EDF03}.Debug|iPhoneSimulator.Build.0 = Debug|Any CPU
		{BED56F5F-D38F-4625-85D2-C8AE894EDF03}.Release|iPhoneSimulator.ActiveCfg = Release|Any CPU
		{BED56F5F-D38F-4625-85D2-C8AE894EDF03}.Release|iPhoneSimulator.Build.0 = Release|Any CPU
		{BED56F5F-D38F-4625-85D2-C8AE894EDF03}.Debug|iPhone.ActiveCfg = Debug|Any CPU
		{BED56F5F-D38F-4625-85D2-C8AE894EDF03}.Debug|iPhone.Build.0 = Debug|Any CPU
		{BED56F5F-D38F-4625-85D2-C8AE894EDF03}.Release|iPhone.ActiveCfg = Release|Any CPU
		{BED56F5F-D38F-4625-85D2-C8AE894EDF03}.Release|iPhone.Build.0 = Release|Any CPU
		{42FE2C68-93EA-467D-9231-92DED83480D0}.Debug|Any CPU.ActiveCfg = Debug|iPhoneSimulator
		{42FE2C68-93EA-467D-9231-92DED83480D0}.Debug|Any CPU.Build.0 = Debug|iPhoneSimulator
		{42FE2C68-93EA-467D-9231-92DED83480D0}.Release|Any CPU.ActiveCfg = Release|iPhoneSimulator
		{42FE2C68-93EA-467D-9231-92DED83480D0}.Release|Any CPU.Build.0 = Release|iPhoneSimulator
		{42FE2C68-93EA-467D-9231-92DED83480D0}.Debug|iPhoneSimulator.ActiveCfg = Debug|iPhoneSimulator
		{42FE2C68-93EA-467D-9231-92DED83480D0}.Debug|iPhoneSimulator.Build.0 = Debug|iPhoneSimulator
		{42FE2C68-93EA-467D-9231-92DED83480D0}.Release|iPhoneSimulator.ActiveCfg = Release|iPhoneSimulator
		{42FE2C68-93EA-467D-9231-92DED83480D0}.Release|iPhoneSimulator.Build.0 = Release|iPhoneSimulator
		{42FE2C68-93EA-467D-9231-92DED83480D0}.Debug|iPhone.ActiveCfg = Debug|iPhone
		{42FE2C68-93EA-467D-9231-92DED83480D0}.Debug|iPhone.Build.0 = Debug|iPhone
		{42FE2C68-93EA-467D-9231-92DED83480D0}.Release|iPhone.ActiveCfg = Release|iPhone
		{42FE2C68-93EA-467D-9231-92DED83480D0}.Release|iPhone.Build.0 = Release|iPhone
		{CE690CE7-7AC4-4A64-A03E-420D6B41AE30}.Debug|Any CPU.ActiveCfg = Debug|Any CPU
		{CE690CE7-7AC4-4A64-A03E-420D6B41AE30}.Debug|Any CPU.Build.0 = Debug|Any CPU
		{CE690CE7-7AC4-4A64-A03E-420D6B41AE30}.Release|Any CPU.ActiveCfg = Release|Any CPU
		{CE690CE7-7AC4-4A64-A03E-420D6B41AE30}.Release|Any CPU.Build.0 = Release|Any CPU
		{CE690CE7-7AC4-4A64-A03E-420D6B41AE30}.Debug|iPhoneSimulator.ActiveCfg = Debug|Any CPU
		{CE690CE7-7AC4-4A64-A03E-420D6B41AE30}.Debug|iPhoneSimulator.Build.0 = Debug|Any CPU
		{CE690CE7-7AC4-4A64-A03E-420D6B41AE30}.Release|iPhoneSimulator.ActiveCfg = Release|Any CPU
		{CE690CE7-7AC4-4A64-A03E-420D6B41AE30}.Release|iPhoneSimulator.Build.0 = Release|Any CPU
		{CE690CE7-7AC4-4A64-A03E-420D6B41AE30}.Debug|iPhone.ActiveCfg = Debug|Any CPU
		{CE690CE7-7AC4-4A64-A03E-420D6B41AE30}.Debug|iPhone.Build.0 = Debug|Any CPU
		{CE690CE7-7AC4-4A64-A03E-420D6B41AE30}.Release|iPhone.ActiveCfg = Release|Any CPU
		{CE690CE7-7AC4-4A64-A03E-420D6B41AE30}.Release|iPhone.Build.0 = Release|Any CPU
	EndGlobalSection
	GlobalSection(SolutionProperties) = preSolution
		HideSolutionNode = FALSE
	EndGlobalSection
	GlobalSection(ExtensibilityGlobals) = postSolution
		SolutionGuid = {1218BDF8-56F4-4F30-A88D-48AC309D18EA}
	EndGlobalSection
EndGlobal
